// !$*UTF8*$!
{
	archiveVersion = 1;
	classes = {
	};
	objectVersion = 50;
	objects = {

/* Begin PBXBuildFile section */
		2A5054BF23A06AF2005D1F5F /* Constants.swift in Sources */ = {isa = PBXBuildFile; fileRef = 2A5054BE23A06AF2005D1F5F /* Constants.swift */; };
		2A5054C123A06C71005D1F5F /* LocationCoordinates+Extention.swift in Sources */ = {isa = PBXBuildFile; fileRef = 2A5054C023A06C71005D1F5F /* LocationCoordinates+Extention.swift */; };
		2A5DE53D239DCC0B00F7ACF0 /* BaseUseCase.swift in Sources */ = {isa = PBXBuildFile; fileRef = 2A5DE53C239DCC0B00F7ACF0 /* BaseUseCase.swift */; };
		2A5DE540239DD81E00F7ACF0 /* RepositoryProtocol.swift in Sources */ = {isa = PBXBuildFile; fileRef = 2A5DE53F239DD81E00F7ACF0 /* RepositoryProtocol.swift */; };
		2A5DE54A239E674F00F7ACF0 /* Localizable.strings in Resources */ = {isa = PBXBuildFile; fileRef = 2A5DE549239E674F00F7ACF0 /* Localizable.strings */; };
		2A5DE55A239E6A6D00F7ACF0 /* VenuesDataSource.swift in Sources */ = {isa = PBXBuildFile; fileRef = 2A5DE559239E6A6D00F7ACF0 /* VenuesDataSource.swift */; };
		2A5DE56C239E8C1D00F7ACF0 /* RemoteVenuesDataSource.swift in Sources */ = {isa = PBXBuildFile; fileRef = 2A5DE56B239E8C1D00F7ACF0 /* RemoteVenuesDataSource.swift */; };
		2A5DE56F239E8C8900F7ACF0 /* VenuePhotosDataSource.swift in Sources */ = {isa = PBXBuildFile; fileRef = 2A5DE56E239E8C8900F7ACF0 /* VenuePhotosDataSource.swift */; };
		2A5DE571239E8EB800F7ACF0 /* RemoteVenuePhotosDataSource.swift in Sources */ = {isa = PBXBuildFile; fileRef = 2A5DE570239E8EB800F7ACF0 /* RemoteVenuePhotosDataSource.swift */; };
		2A5DE574239E94CD00F7ACF0 /* LocalVenuesDataSource.swift in Sources */ = {isa = PBXBuildFile; fileRef = 2A5DE573239E94CD00F7ACF0 /* LocalVenuesDataSource.swift */; };
		2A5DE57E239ECB0C00F7ACF0 /* DataBaseManagerProtocol.swift in Sources */ = {isa = PBXBuildFile; fileRef = 2A5DE57D239ECB0C00F7ACF0 /* DataBaseManagerProtocol.swift */; };
		2A5DE580239ED4CD00F7ACF0 /* LocalVenuePhotosDataSource.swift in Sources */ = {isa = PBXBuildFile; fileRef = 2A5DE57F239ED4CD00F7ACF0 /* LocalVenuePhotosDataSource.swift */; };
		2A5DE584239EF90600F7ACF0 /* VenuesRepository.swift in Sources */ = {isa = PBXBuildFile; fileRef = 2A5DE583239EF90600F7ACF0 /* VenuesRepository.swift */; };
		2A5DE5A723A035D100F7ACF0 /* VPLocation+CoreDataClass.swift in Sources */ = {isa = PBXBuildFile; fileRef = 2A5DE5A523A035D100F7ACF0 /* VPLocation+CoreDataClass.swift */; };
		2A5EB0CE23995D4B006EF59D /* AppConfigurator.swift in Sources */ = {isa = PBXBuildFile; fileRef = 2A5EB0CD23995D4B006EF59D /* AppConfigurator.swift */; };
		2A5EB0D923995F10006EF59D /* CocoaDebug.framework in Frameworks */ = {isa = PBXBuildFile; fileRef = 2A5EB0CF23995D98006EF59D /* CocoaDebug.framework */; };
		2A5EB0DA23995F10006EF59D /* CocoaDebug.framework in Embed Frameworks */ = {isa = PBXBuildFile; fileRef = 2A5EB0CF23995D98006EF59D /* CocoaDebug.framework */; settings = {ATTRIBUTES = (RemoveHeadersOnCopy, ); }; };
		2A5EB0DC23995F13006EF59D /* FBLPromises.framework in Frameworks */ = {isa = PBXBuildFile; fileRef = 2A5EB0D323995D98006EF59D /* FBLPromises.framework */; };
		2A5EB0DD23995F13006EF59D /* FBLPromises.framework in Embed Frameworks */ = {isa = PBXBuildFile; fileRef = 2A5EB0D323995D98006EF59D /* FBLPromises.framework */; settings = {ATTRIBUTES = (RemoveHeadersOnCopy, ); }; };
		2A5EB0DE23995F13006EF59D /* Kingfisher.framework in Frameworks */ = {isa = PBXBuildFile; fileRef = 2A5EB0D023995D98006EF59D /* Kingfisher.framework */; };
		2A5EB0DF23995F13006EF59D /* Kingfisher.framework in Embed Frameworks */ = {isa = PBXBuildFile; fileRef = 2A5EB0D023995D98006EF59D /* Kingfisher.framework */; settings = {ATTRIBUTES = (RemoveHeadersOnCopy, ); }; };
		2A5EB0E023995F13006EF59D /* KingfisherSwiftUI.framework in Frameworks */ = {isa = PBXBuildFile; fileRef = 2A5EB0D123995D98006EF59D /* KingfisherSwiftUI.framework */; };
		2A5EB0E123995F13006EF59D /* KingfisherSwiftUI.framework in Embed Frameworks */ = {isa = PBXBuildFile; fileRef = 2A5EB0D123995D98006EF59D /* KingfisherSwiftUI.framework */; settings = {ATTRIBUTES = (RemoveHeadersOnCopy, ); }; };
		2A5EB0E223995F13006EF59D /* Promises.framework in Frameworks */ = {isa = PBXBuildFile; fileRef = 2A5EB0D223995D98006EF59D /* Promises.framework */; };
		2A5EB0E323995F13006EF59D /* Promises.framework in Embed Frameworks */ = {isa = PBXBuildFile; fileRef = 2A5EB0D223995D98006EF59D /* Promises.framework */; settings = {ATTRIBUTES = (RemoveHeadersOnCopy, ); }; };
		2A5EB0F02399614C006EF59D /* Debug.xcconfig in Resources */ = {isa = PBXBuildFile; fileRef = 2A5EB0ED2399614C006EF59D /* Debug.xcconfig */; };
		2A5EB0F4239961CA006EF59D /* PlistKey .swift in Sources */ = {isa = PBXBuildFile; fileRef = 2A5EB0F3239961CA006EF59D /* PlistKey .swift */; };
		2A5EB0F6239961ED006EF59D /* Environment.swift in Sources */ = {isa = PBXBuildFile; fileRef = 2A5EB0F5239961ED006EF59D /* Environment.swift */; };
		2A5EB0FD23997D77006EF59D /* InternetManager.swift in Sources */ = {isa = PBXBuildFile; fileRef = 2A5EB0FC23997D77006EF59D /* InternetManager.swift */; };
		2A5EB103239A938D006EF59D /* Reachability.swift in Sources */ = {isa = PBXBuildFile; fileRef = 2A5EB0FA23997D29006EF59D /* Reachability.swift */; };
		2A5EB106239A9DFC006EF59D /* APIRequestProtocol.swift in Sources */ = {isa = PBXBuildFile; fileRef = 2A5EB105239A9DFC006EF59D /* APIRequestProtocol.swift */; };
		2A5EB108239A9E32006EF59D /* BaseAPIRequest.swift in Sources */ = {isa = PBXBuildFile; fileRef = 2A5EB107239A9E32006EF59D /* BaseAPIRequest.swift */; };
		2A5EB10A239A9E76006EF59D /* APIAuthorization.swift in Sources */ = {isa = PBXBuildFile; fileRef = 2A5EB109239A9E76006EF59D /* APIAuthorization.swift */; };
		2A5EB10C239AA0A2006EF59D /* APIRequestProvider.swift in Sources */ = {isa = PBXBuildFile; fileRef = 2A5EB10B239AA0A2006EF59D /* APIRequestProvider.swift */; };
		2A5EB113239AA14E006EF59D /* String+Extension.swift in Sources */ = {isa = PBXBuildFile; fileRef = 2A5EB112239AA14E006EF59D /* String+Extension.swift */; };
		2A5EB116239AA220006EF59D /* APIRequestProviderProtocols.swift in Sources */ = {isa = PBXBuildFile; fileRef = 2A5EB115239AA220006EF59D /* APIRequestProviderProtocols.swift */; };
		2A5EB119239AA2AD006EF59D /* APIManager.swift in Sources */ = {isa = PBXBuildFile; fileRef = 2A5EB118239AA2AD006EF59D /* APIManager.swift */; };
		2A5EB11B239AAE1A006EF59D /* NetworkManagerProtocol.swift in Sources */ = {isa = PBXBuildFile; fileRef = 2A5EB11A239AAE1A006EF59D /* NetworkManagerProtocol.swift */; };
		2A5EB11F239AD303006EF59D /* APIManagerError.swift in Sources */ = {isa = PBXBuildFile; fileRef = 2A5EB11E239AD303006EF59D /* APIManagerError.swift */; };
		2A5EB121239AD31C006EF59D /* ErrorModel.swift in Sources */ = {isa = PBXBuildFile; fileRef = 2A5EB120239AD31C006EF59D /* ErrorModel.swift */; };
		2A693EF7239DA32C00F442A9 /* VenueEntity+CoreDataClass.swift in Sources */ = {isa = PBXBuildFile; fileRef = 2A693EF3239DA32C00F442A9 /* VenueEntity+CoreDataClass.swift */; };
		2A693EF8239DA32C00F442A9 /* VenuePhotoEntity+CoreDataClass.swift in Sources */ = {isa = PBXBuildFile; fileRef = 2A693EF4239DA32C00F442A9 /* VenuePhotoEntity+CoreDataClass.swift */; };
		2A693F36239DC24100F442A9 /* LocationManagerProtocol.swift in Sources */ = {isa = PBXBuildFile; fileRef = 2A693F35239DC24100F442A9 /* LocationManagerProtocol.swift */; };
		2A693F3A239DC35B00F442A9 /* LocationStatus.swift in Sources */ = {isa = PBXBuildFile; fileRef = 2A693F39239DC35B00F442A9 /* LocationStatus.swift */; };
		2A693F3D239DC42F00F442A9 /* LocationManager.swift in Sources */ = {isa = PBXBuildFile; fileRef = 2A693F3C239DC42F00F442A9 /* LocationManager.swift */; };
		2A693F3F239DC5E900F442A9 /* LocationManger + CLLocationManagerDelegate.swift in Sources */ = {isa = PBXBuildFile; fileRef = 2A693F3E239DC5E900F442A9 /* LocationManger + CLLocationManagerDelegate.swift */; };
		2A7FDEEE2399408600E2D641 /* AppDelegate.swift in Sources */ = {isa = PBXBuildFile; fileRef = 2A7FDEED2399408600E2D641 /* AppDelegate.swift */; };
		2A7FDEF72399408800E2D641 /* Assets.xcassets in Resources */ = {isa = PBXBuildFile; fileRef = 2A7FDEF62399408800E2D641 /* Assets.xcassets */; };
		2A7FDEFA2399408800E2D641 /* LaunchScreen.storyboard in Resources */ = {isa = PBXBuildFile; fileRef = 2A7FDEF82399408800E2D641 /* LaunchScreen.storyboard */; };
		2A7FDF1623994AB900E2D641 /* Cartfile in Resources */ = {isa = PBXBuildFile; fileRef = 2A7FDF1323994AB900E2D641 /* Cartfile */; };
		2A7FDF1723994AB900E2D641 /* .swiftlint.yml in Resources */ = {isa = PBXBuildFile; fileRef = 2A7FDF1423994AB900E2D641 /* .swiftlint.yml */; };
		2A7FDF1823994AB900E2D641 /* Cartfile.resolved in Resources */ = {isa = PBXBuildFile; fileRef = 2A7FDF1523994AB900E2D641 /* Cartfile.resolved */; };
		2A85D9ED239D38EC0040DCC6 /* NearBYModel.xcdatamodeld in Sources */ = {isa = PBXBuildFile; fileRef = 2A85D9EB239D38EC0040DCC6 /* NearBYModel.xcdatamodeld */; };
		2ACED78D239D25C0006B8312 /* APIVenueModel.swift in Sources */ = {isa = PBXBuildFile; fileRef = 2ACED788239D25BF006B8312 /* APIVenueModel.swift */; };
		2ACED78E239D25C0006B8312 /* APIItemModel.swift in Sources */ = {isa = PBXBuildFile; fileRef = 2ACED789239D25BF006B8312 /* APIItemModel.swift */; };
		2ACED78F239D25C0006B8312 /* APIGroupModel.swift in Sources */ = {isa = PBXBuildFile; fileRef = 2ACED78A239D25BF006B8312 /* APIGroupModel.swift */; };
		2ACED790239D25C0006B8312 /* APIExploreResponseModel.swift in Sources */ = {isa = PBXBuildFile; fileRef = 2ACED78B239D25C0006B8312 /* APIExploreResponseModel.swift */; };
		2ACED791239D25C0006B8312 /* APILocationModel.swift in Sources */ = {isa = PBXBuildFile; fileRef = 2ACED78C239D25C0006B8312 /* APILocationModel.swift */; };
		2ACED79E239D2A8D006B8312 /* APIVenuePhotosResponseModel.swift in Sources */ = {isa = PBXBuildFile; fileRef = 2ACED79B239D2A8D006B8312 /* APIVenuePhotosResponseModel.swift */; };
		2ACED79F239D2A8D006B8312 /* APIPhotosModel.swift in Sources */ = {isa = PBXBuildFile; fileRef = 2ACED79C239D2A8D006B8312 /* APIPhotosModel.swift */; };
		2ACED7A0239D2A8D006B8312 /* APIPhotoItemModel.swift in Sources */ = {isa = PBXBuildFile; fileRef = 2ACED79D239D2A8D006B8312 /* APIPhotoItemModel.swift */; };
		2AE9220623A11559004A4DBE /* RepositoriesManger.swift in Sources */ = {isa = PBXBuildFile; fileRef = 2AE9220523A11559004A4DBE /* RepositoriesManger.swift */; };
		2AE9220E23A1427F004A4DBE /* VenuePhotoEntity+CoreDataProperties.swift in Sources */ = {isa = PBXBuildFile; fileRef = 2AE9220823A1427F004A4DBE /* VenuePhotoEntity+CoreDataProperties.swift */; };
		2AE9221023A1427F004A4DBE /* VPLocation+CoreDataProperties.swift in Sources */ = {isa = PBXBuildFile; fileRef = 2AE9220A23A1427F004A4DBE /* VPLocation+CoreDataProperties.swift */; };
		2AE9221223A1427F004A4DBE /* VenueEntity+CoreDataProperties.swift in Sources */ = {isa = PBXBuildFile; fileRef = 2AE9220C23A1427F004A4DBE /* VenueEntity+CoreDataProperties.swift */; };
		2AE9221723A15C0F004A4DBE /* VenuesPhotoRepository.swift in Sources */ = {isa = PBXBuildFile; fileRef = 2AE9221623A15C0F004A4DBE /* VenuesPhotoRepository.swift */; };
		2AE9221F23A17C20004A4DBE /* VenuesVC.swift in Sources */ = {isa = PBXBuildFile; fileRef = 2AE9221D23A17C20004A4DBE /* VenuesVC.swift */; };
		2AE9222023A17C20004A4DBE /* VenuesVC.xib in Resources */ = {isa = PBXBuildFile; fileRef = 2AE9221E23A17C20004A4DBE /* VenuesVC.xib */; };
		2AE9222423A17D22004A4DBE /* VenueCell.swift in Sources */ = {isa = PBXBuildFile; fileRef = 2AE9222223A17D22004A4DBE /* VenueCell.swift */; };
		2AE9222523A17D22004A4DBE /* VenueCell.xib in Resources */ = {isa = PBXBuildFile; fileRef = 2AE9222323A17D22004A4DBE /* VenueCell.xib */; };
		2AE9222D23A1C8D3004A4DBE /* GetVenuePhotosUseCase.swift in Sources */ = {isa = PBXBuildFile; fileRef = 2AE9222C23A1C8D3004A4DBE /* GetVenuePhotosUseCase.swift */; };
		2AE9222F23A1E447004A4DBE /* VenueCellPresenterProtocol.swift in Sources */ = {isa = PBXBuildFile; fileRef = 2AE9222E23A1E447004A4DBE /* VenueCellPresenterProtocol.swift */; };
		2AFC76E0239AD7C700B5C210 /* APIRequestProviderError.swift in Sources */ = {isa = PBXBuildFile; fileRef = 2AFC76DF239AD7C700B5C210 /* APIRequestProviderError.swift */; };
		2AFC76E2239AD7F600B5C210 /* InternetManagerProtocol.swift in Sources */ = {isa = PBXBuildFile; fileRef = 2AFC76E1239AD7F600B5C210 /* InternetManagerProtocol.swift */; };
		2AFC76E5239ADF6700B5C210 /* ExploreVenuesAPIRequest.swift in Sources */ = {isa = PBXBuildFile; fileRef = 2AFC76E4239ADF6700B5C210 /* ExploreVenuesAPIRequest.swift */; };
		2AFC76E7239AEEC100B5C210 /* Date+Extension.swift in Sources */ = {isa = PBXBuildFile; fileRef = 2AFC76E6239AEEC100B5C210 /* Date+Extension.swift */; };
		2AFC76E9239AFC1D00B5C210 /* VenuePhotosAPIRequest.swift in Sources */ = {isa = PBXBuildFile; fileRef = 2AFC76E8239AFC1D00B5C210 /* VenuePhotosAPIRequest.swift */; };
		2AFC76ED239B06B000B5C210 /* Singletons.swift in Sources */ = {isa = PBXBuildFile; fileRef = 2AFC76EC239B06B000B5C210 /* Singletons.swift */; };
		2AFC76F3239BEBD600B5C210 /* CoreDataManager.swift in Sources */ = {isa = PBXBuildFile; fileRef = 2AFC76F2239BEBD600B5C210 /* CoreDataManager.swift */; };
/* End PBXBuildFile section */

/* Begin PBXCopyFilesBuildPhase section */
		2A5EB0DB23995F11006EF59D /* Embed Frameworks */ = {
			isa = PBXCopyFilesBuildPhase;
			buildActionMask = 2147483647;
			dstPath = "";
			dstSubfolderSpec = 10;
			files = (
				2A5EB0E323995F13006EF59D /* Promises.framework in Embed Frameworks */,
				2A5EB0E123995F13006EF59D /* KingfisherSwiftUI.framework in Embed Frameworks */,
				2A5EB0DA23995F10006EF59D /* CocoaDebug.framework in Embed Frameworks */,
				2A5EB0DF23995F13006EF59D /* Kingfisher.framework in Embed Frameworks */,
				2A5EB0DD23995F13006EF59D /* FBLPromises.framework in Embed Frameworks */,
			);
			name = "Embed Frameworks";
			runOnlyForDeploymentPostprocessing = 0;
		};
/* End PBXCopyFilesBuildPhase section */

/* Begin PBXFileReference section */
		2A5054BE23A06AF2005D1F5F /* Constants.swift */ = {isa = PBXFileReference; lastKnownFileType = sourcecode.swift; path = Constants.swift; sourceTree = "<group>"; };
		2A5054C023A06C71005D1F5F /* LocationCoordinates+Extention.swift */ = {isa = PBXFileReference; lastKnownFileType = sourcecode.swift; path = "LocationCoordinates+Extention.swift"; sourceTree = "<group>"; };
		2A5DE53C239DCC0B00F7ACF0 /* BaseUseCase.swift */ = {isa = PBXFileReference; lastKnownFileType = sourcecode.swift; path = BaseUseCase.swift; sourceTree = "<group>"; };
		2A5DE53F239DD81E00F7ACF0 /* RepositoryProtocol.swift */ = {isa = PBXFileReference; lastKnownFileType = sourcecode.swift; path = RepositoryProtocol.swift; sourceTree = "<group>"; };
		2A5DE549239E674F00F7ACF0 /* Localizable.strings */ = {isa = PBXFileReference; lastKnownFileType = text.plist.strings; path = Localizable.strings; sourceTree = "<group>"; };
		2A5DE559239E6A6D00F7ACF0 /* VenuesDataSource.swift */ = {isa = PBXFileReference; lastKnownFileType = sourcecode.swift; path = VenuesDataSource.swift; sourceTree = "<group>"; };
		2A5DE56B239E8C1D00F7ACF0 /* RemoteVenuesDataSource.swift */ = {isa = PBXFileReference; lastKnownFileType = sourcecode.swift; path = RemoteVenuesDataSource.swift; sourceTree = "<group>"; };
		2A5DE56E239E8C8900F7ACF0 /* VenuePhotosDataSource.swift */ = {isa = PBXFileReference; lastKnownFileType = sourcecode.swift; path = VenuePhotosDataSource.swift; sourceTree = "<group>"; };
		2A5DE570239E8EB800F7ACF0 /* RemoteVenuePhotosDataSource.swift */ = {isa = PBXFileReference; lastKnownFileType = sourcecode.swift; path = RemoteVenuePhotosDataSource.swift; sourceTree = "<group>"; };
		2A5DE573239E94CD00F7ACF0 /* LocalVenuesDataSource.swift */ = {isa = PBXFileReference; lastKnownFileType = sourcecode.swift; path = LocalVenuesDataSource.swift; sourceTree = "<group>"; };
		2A5DE57D239ECB0C00F7ACF0 /* DataBaseManagerProtocol.swift */ = {isa = PBXFileReference; fileEncoding = 4; lastKnownFileType = sourcecode.swift; path = DataBaseManagerProtocol.swift; sourceTree = "<group>"; };
		2A5DE57F239ED4CD00F7ACF0 /* LocalVenuePhotosDataSource.swift */ = {isa = PBXFileReference; lastKnownFileType = sourcecode.swift; path = LocalVenuePhotosDataSource.swift; sourceTree = "<group>"; };
		2A5DE583239EF90600F7ACF0 /* VenuesRepository.swift */ = {isa = PBXFileReference; lastKnownFileType = sourcecode.swift; path = VenuesRepository.swift; sourceTree = "<group>"; };
		2A5DE5A523A035D100F7ACF0 /* VPLocation+CoreDataClass.swift */ = {isa = PBXFileReference; lastKnownFileType = sourcecode.swift; path = "VPLocation+CoreDataClass.swift"; sourceTree = "<group>"; };
		2A5EB0CD23995D4B006EF59D /* AppConfigurator.swift */ = {isa = PBXFileReference; lastKnownFileType = sourcecode.swift; path = AppConfigurator.swift; sourceTree = "<group>"; };
		2A5EB0CF23995D98006EF59D /* CocoaDebug.framework */ = {isa = PBXFileReference; lastKnownFileType = wrapper.framework; path = CocoaDebug.framework; sourceTree = "<group>"; };
		2A5EB0D023995D98006EF59D /* Kingfisher.framework */ = {isa = PBXFileReference; lastKnownFileType = wrapper.framework; path = Kingfisher.framework; sourceTree = "<group>"; };
		2A5EB0D123995D98006EF59D /* KingfisherSwiftUI.framework */ = {isa = PBXFileReference; lastKnownFileType = wrapper.framework; path = KingfisherSwiftUI.framework; sourceTree = "<group>"; };
		2A5EB0D223995D98006EF59D /* Promises.framework */ = {isa = PBXFileReference; lastKnownFileType = wrapper.framework; path = Promises.framework; sourceTree = "<group>"; };
		2A5EB0D323995D98006EF59D /* FBLPromises.framework */ = {isa = PBXFileReference; lastKnownFileType = wrapper.framework; path = FBLPromises.framework; sourceTree = "<group>"; };
		2A5EB0ED2399614C006EF59D /* Debug.xcconfig */ = {isa = PBXFileReference; fileEncoding = 4; lastKnownFileType = text.xcconfig; path = Debug.xcconfig; sourceTree = "<group>"; };
		2A5EB0EE2399614C006EF59D /* Debug.plist */ = {isa = PBXFileReference; fileEncoding = 4; lastKnownFileType = text.plist.xml; path = Debug.plist; sourceTree = "<group>"; };
		2A5EB0F3239961CA006EF59D /* PlistKey .swift */ = {isa = PBXFileReference; lastKnownFileType = sourcecode.swift; path = "PlistKey .swift"; sourceTree = "<group>"; };
		2A5EB0F5239961ED006EF59D /* Environment.swift */ = {isa = PBXFileReference; lastKnownFileType = sourcecode.swift; path = Environment.swift; sourceTree = "<group>"; };
		2A5EB0FA23997D29006EF59D /* Reachability.swift */ = {isa = PBXFileReference; fileEncoding = 4; lastKnownFileType = sourcecode.swift; path = Reachability.swift; sourceTree = "<group>"; };
		2A5EB0FC23997D77006EF59D /* InternetManager.swift */ = {isa = PBXFileReference; fileEncoding = 4; lastKnownFileType = sourcecode.swift; path = InternetManager.swift; sourceTree = "<group>"; };
		2A5EB105239A9DFC006EF59D /* APIRequestProtocol.swift */ = {isa = PBXFileReference; lastKnownFileType = sourcecode.swift; path = APIRequestProtocol.swift; sourceTree = "<group>"; };
		2A5EB107239A9E32006EF59D /* BaseAPIRequest.swift */ = {isa = PBXFileReference; lastKnownFileType = sourcecode.swift; path = BaseAPIRequest.swift; sourceTree = "<group>"; };
		2A5EB109239A9E76006EF59D /* APIAuthorization.swift */ = {isa = PBXFileReference; lastKnownFileType = sourcecode.swift; path = APIAuthorization.swift; sourceTree = "<group>"; };
		2A5EB10B239AA0A2006EF59D /* APIRequestProvider.swift */ = {isa = PBXFileReference; lastKnownFileType = sourcecode.swift; path = APIRequestProvider.swift; sourceTree = "<group>"; };
		2A5EB112239AA14E006EF59D /* String+Extension.swift */ = {isa = PBXFileReference; lastKnownFileType = sourcecode.swift; path = "String+Extension.swift"; sourceTree = "<group>"; };
		2A5EB115239AA220006EF59D /* APIRequestProviderProtocols.swift */ = {isa = PBXFileReference; lastKnownFileType = sourcecode.swift; path = APIRequestProviderProtocols.swift; sourceTree = "<group>"; };
		2A5EB118239AA2AD006EF59D /* APIManager.swift */ = {isa = PBXFileReference; lastKnownFileType = sourcecode.swift; path = APIManager.swift; sourceTree = "<group>"; };
		2A5EB11A239AAE1A006EF59D /* NetworkManagerProtocol.swift */ = {isa = PBXFileReference; lastKnownFileType = sourcecode.swift; path = NetworkManagerProtocol.swift; sourceTree = "<group>"; };
		2A5EB11E239AD303006EF59D /* APIManagerError.swift */ = {isa = PBXFileReference; lastKnownFileType = sourcecode.swift; path = APIManagerError.swift; sourceTree = "<group>"; };
		2A5EB120239AD31C006EF59D /* ErrorModel.swift */ = {isa = PBXFileReference; lastKnownFileType = sourcecode.swift; path = ErrorModel.swift; sourceTree = "<group>"; };
		2A693EF3239DA32C00F442A9 /* VenueEntity+CoreDataClass.swift */ = {isa = PBXFileReference; fileEncoding = 4; lastKnownFileType = sourcecode.swift; path = "VenueEntity+CoreDataClass.swift"; sourceTree = "<group>"; };
		2A693EF4239DA32C00F442A9 /* VenuePhotoEntity+CoreDataClass.swift */ = {isa = PBXFileReference; fileEncoding = 4; lastKnownFileType = sourcecode.swift; path = "VenuePhotoEntity+CoreDataClass.swift"; sourceTree = "<group>"; };
		2A693F35239DC24100F442A9 /* LocationManagerProtocol.swift */ = {isa = PBXFileReference; lastKnownFileType = sourcecode.swift; path = LocationManagerProtocol.swift; sourceTree = "<group>"; };
		2A693F39239DC35B00F442A9 /* LocationStatus.swift */ = {isa = PBXFileReference; lastKnownFileType = sourcecode.swift; path = LocationStatus.swift; sourceTree = "<group>"; };
		2A693F3C239DC42F00F442A9 /* LocationManager.swift */ = {isa = PBXFileReference; lastKnownFileType = sourcecode.swift; path = LocationManager.swift; sourceTree = "<group>"; };
		2A693F3E239DC5E900F442A9 /* LocationManger + CLLocationManagerDelegate.swift */ = {isa = PBXFileReference; lastKnownFileType = sourcecode.swift; path = "LocationManger + CLLocationManagerDelegate.swift"; sourceTree = "<group>"; };
		2A7FDEEA2399408600E2D641 /* MSZNearBy.app */ = {isa = PBXFileReference; explicitFileType = wrapper.application; includeInIndex = 0; path = MSZNearBy.app; sourceTree = BUILT_PRODUCTS_DIR; };
		2A7FDEED2399408600E2D641 /* AppDelegate.swift */ = {isa = PBXFileReference; lastKnownFileType = sourcecode.swift; path = AppDelegate.swift; sourceTree = "<group>"; };
		2A7FDEF62399408800E2D641 /* Assets.xcassets */ = {isa = PBXFileReference; lastKnownFileType = folder.assetcatalog; path = Assets.xcassets; sourceTree = "<group>"; };
		2A7FDEF92399408800E2D641 /* Base */ = {isa = PBXFileReference; lastKnownFileType = file.storyboard; name = Base; path = Base.lproj/LaunchScreen.storyboard; sourceTree = "<group>"; };
		2A7FDF1323994AB900E2D641 /* Cartfile */ = {isa = PBXFileReference; fileEncoding = 4; lastKnownFileType = text; path = Cartfile; sourceTree = SOURCE_ROOT; };
		2A7FDF1423994AB900E2D641 /* .swiftlint.yml */ = {isa = PBXFileReference; fileEncoding = 4; lastKnownFileType = text.yaml; path = .swiftlint.yml; sourceTree = SOURCE_ROOT; };
		2A7FDF1523994AB900E2D641 /* Cartfile.resolved */ = {isa = PBXFileReference; lastKnownFileType = text; path = Cartfile.resolved; sourceTree = SOURCE_ROOT; };
		2A85D9EC239D38EC0040DCC6 /* NearBYModel.xcdatamodel */ = {isa = PBXFileReference; lastKnownFileType = wrapper.xcdatamodel; path = NearBYModel.xcdatamodel; sourceTree = "<group>"; };
		2ACED788239D25BF006B8312 /* APIVenueModel.swift */ = {isa = PBXFileReference; fileEncoding = 4; lastKnownFileType = sourcecode.swift; path = APIVenueModel.swift; sourceTree = "<group>"; };
		2ACED789239D25BF006B8312 /* APIItemModel.swift */ = {isa = PBXFileReference; fileEncoding = 4; lastKnownFileType = sourcecode.swift; path = APIItemModel.swift; sourceTree = "<group>"; };
		2ACED78A239D25BF006B8312 /* APIGroupModel.swift */ = {isa = PBXFileReference; fileEncoding = 4; lastKnownFileType = sourcecode.swift; path = APIGroupModel.swift; sourceTree = "<group>"; };
		2ACED78B239D25C0006B8312 /* APIExploreResponseModel.swift */ = {isa = PBXFileReference; fileEncoding = 4; lastKnownFileType = sourcecode.swift; path = APIExploreResponseModel.swift; sourceTree = "<group>"; };
		2ACED78C239D25C0006B8312 /* APILocationModel.swift */ = {isa = PBXFileReference; fileEncoding = 4; lastKnownFileType = sourcecode.swift; path = APILocationModel.swift; sourceTree = "<group>"; };
		2ACED79B239D2A8D006B8312 /* APIVenuePhotosResponseModel.swift */ = {isa = PBXFileReference; fileEncoding = 4; lastKnownFileType = sourcecode.swift; path = APIVenuePhotosResponseModel.swift; sourceTree = "<group>"; };
		2ACED79C239D2A8D006B8312 /* APIPhotosModel.swift */ = {isa = PBXFileReference; fileEncoding = 4; lastKnownFileType = sourcecode.swift; path = APIPhotosModel.swift; sourceTree = "<group>"; };
		2ACED79D239D2A8D006B8312 /* APIPhotoItemModel.swift */ = {isa = PBXFileReference; fileEncoding = 4; lastKnownFileType = sourcecode.swift; path = APIPhotoItemModel.swift; sourceTree = "<group>"; };
		2AE9220523A11559004A4DBE /* RepositoriesManger.swift */ = {isa = PBXFileReference; lastKnownFileType = sourcecode.swift; path = RepositoriesManger.swift; sourceTree = "<group>"; };
		2AE9220823A1427F004A4DBE /* VenuePhotoEntity+CoreDataProperties.swift */ = {isa = PBXFileReference; lastKnownFileType = sourcecode.swift; path = "VenuePhotoEntity+CoreDataProperties.swift"; sourceTree = "<group>"; };
		2AE9220A23A1427F004A4DBE /* VPLocation+CoreDataProperties.swift */ = {isa = PBXFileReference; lastKnownFileType = sourcecode.swift; path = "VPLocation+CoreDataProperties.swift"; sourceTree = "<group>"; };
		2AE9220C23A1427F004A4DBE /* VenueEntity+CoreDataProperties.swift */ = {isa = PBXFileReference; lastKnownFileType = sourcecode.swift; path = "VenueEntity+CoreDataProperties.swift"; sourceTree = "<group>"; };
		2AE9221623A15C0F004A4DBE /* VenuesPhotoRepository.swift */ = {isa = PBXFileReference; lastKnownFileType = sourcecode.swift; path = VenuesPhotoRepository.swift; sourceTree = "<group>"; };
		2AE9221D23A17C20004A4DBE /* VenuesVC.swift */ = {isa = PBXFileReference; fileEncoding = 4; lastKnownFileType = sourcecode.swift; path = VenuesVC.swift; sourceTree = "<group>"; };
		2AE9221E23A17C20004A4DBE /* VenuesVC.xib */ = {isa = PBXFileReference; fileEncoding = 4; lastKnownFileType = file.xib; path = VenuesVC.xib; sourceTree = "<group>"; };
		2AE9222223A17D22004A4DBE /* VenueCell.swift */ = {isa = PBXFileReference; lastKnownFileType = sourcecode.swift; path = VenueCell.swift; sourceTree = "<group>"; };
		2AE9222323A17D22004A4DBE /* VenueCell.xib */ = {isa = PBXFileReference; lastKnownFileType = file.xib; path = VenueCell.xib; sourceTree = "<group>"; };
		2AE9222C23A1C8D3004A4DBE /* GetVenuePhotosUseCase.swift */ = {isa = PBXFileReference; lastKnownFileType = sourcecode.swift; path = GetVenuePhotosUseCase.swift; sourceTree = "<group>"; };
		2AE9222E23A1E447004A4DBE /* VenueCellPresenterProtocol.swift */ = {isa = PBXFileReference; lastKnownFileType = sourcecode.swift; path = VenueCellPresenterProtocol.swift; sourceTree = "<group>"; };
		2AFC76DF239AD7C700B5C210 /* APIRequestProviderError.swift */ = {isa = PBXFileReference; lastKnownFileType = sourcecode.swift; path = APIRequestProviderError.swift; sourceTree = "<group>"; };
		2AFC76E1239AD7F600B5C210 /* InternetManagerProtocol.swift */ = {isa = PBXFileReference; lastKnownFileType = sourcecode.swift; path = InternetManagerProtocol.swift; sourceTree = "<group>"; };
		2AFC76E4239ADF6700B5C210 /* ExploreVenuesAPIRequest.swift */ = {isa = PBXFileReference; lastKnownFileType = sourcecode.swift; path = ExploreVenuesAPIRequest.swift; sourceTree = "<group>"; };
		2AFC76E6239AEEC100B5C210 /* Date+Extension.swift */ = {isa = PBXFileReference; lastKnownFileType = sourcecode.swift; path = "Date+Extension.swift"; sourceTree = "<group>"; };
		2AFC76E8239AFC1D00B5C210 /* VenuePhotosAPIRequest.swift */ = {isa = PBXFileReference; lastKnownFileType = sourcecode.swift; path = VenuePhotosAPIRequest.swift; sourceTree = "<group>"; };
		2AFC76EC239B06B000B5C210 /* Singletons.swift */ = {isa = PBXFileReference; lastKnownFileType = sourcecode.swift; path = Singletons.swift; sourceTree = "<group>"; };
		2AFC76F2239BEBD600B5C210 /* CoreDataManager.swift */ = {isa = PBXFileReference; lastKnownFileType = sourcecode.swift; path = CoreDataManager.swift; sourceTree = "<group>"; };
/* End PBXFileReference section */

/* Begin PBXFrameworksBuildPhase section */
		2A7FDEE72399408600E2D641 /* Frameworks */ = {
			isa = PBXFrameworksBuildPhase;
			buildActionMask = 2147483647;
			files = (
				2A5EB0E223995F13006EF59D /* Promises.framework in Frameworks */,
				2A5EB0DE23995F13006EF59D /* Kingfisher.framework in Frameworks */,
				2A5EB0D923995F10006EF59D /* CocoaDebug.framework in Frameworks */,
				2A5EB0DC23995F13006EF59D /* FBLPromises.framework in Frameworks */,
				2A5EB0E023995F13006EF59D /* KingfisherSwiftUI.framework in Frameworks */,
			);
			runOnlyForDeploymentPostprocessing = 0;
		};
/* End PBXFrameworksBuildPhase section */

/* Begin PBXGroup section */
		2A5DE53E239DD5B200F7ACF0 /* Repository */ = {
			isa = PBXGroup;
			children = (
				2A5DE53F239DD81E00F7ACF0 /* RepositoryProtocol.swift */,
			);
			path = Repository;
			sourceTree = "<group>";
		};
		2A5DE547239E673000F7ACF0 /* Resources */ = {
			isa = PBXGroup;
			children = (
				2A7FDEF62399408800E2D641 /* Assets.xcassets */,
				2A5DE549239E674F00F7ACF0 /* Localizable.strings */,
			);
			path = Resources;
			sourceTree = "<group>";
		};
		2A5DE54B239E68C300F7ACF0 /* Repos */ = {
			isa = PBXGroup;
			children = (
				2A5DE56D239E8C6600F7ACF0 /* Venue Photos Repository */,
				2A5DE556239E69C400F7ACF0 /* Venues Repository */,
				2AE9220523A11559004A4DBE /* RepositoriesManger.swift */,
			);
			path = Repos;
			sourceTree = "<group>";
		};
		2A5DE556239E69C400F7ACF0 /* Venues Repository */ = {
			isa = PBXGroup;
			children = (
				2A5DE557239E69DE00F7ACF0 /* Data Sources */,
				2A5DE583239EF90600F7ACF0 /* VenuesRepository.swift */,
			);
			path = "Venues Repository";
			sourceTree = "<group>";
		};
		2A5DE557239E69DE00F7ACF0 /* Data Sources */ = {
			isa = PBXGroup;
			children = (
				2A5DE559239E6A6D00F7ACF0 /* VenuesDataSource.swift */,
				2A5DE573239E94CD00F7ACF0 /* LocalVenuesDataSource.swift */,
				2A5DE56B239E8C1D00F7ACF0 /* RemoteVenuesDataSource.swift */,
			);
			path = "Data Sources";
			sourceTree = "<group>";
		};
		2A5DE56D239E8C6600F7ACF0 /* Venue Photos Repository */ = {
			isa = PBXGroup;
			children = (
				2A5DE572239E8EEE00F7ACF0 /* Data Sources */,
				2AE9221623A15C0F004A4DBE /* VenuesPhotoRepository.swift */,
			);
			path = "Venue Photos Repository";
			sourceTree = "<group>";
		};
		2A5DE572239E8EEE00F7ACF0 /* Data Sources */ = {
			isa = PBXGroup;
			children = (
				2A5DE56E239E8C8900F7ACF0 /* VenuePhotosDataSource.swift */,
				2A5DE570239E8EB800F7ACF0 /* RemoteVenuePhotosDataSource.swift */,
				2A5DE57F239ED4CD00F7ACF0 /* LocalVenuePhotosDataSource.swift */,
			);
			path = "Data Sources";
			sourceTree = "<group>";
		};
		2A5EB0E423995F6E006EF59D /* Config Files */ = {
			isa = PBXGroup;
			children = (
				2A5EB0F223996187006EF59D /* Utiltlites */,
				2A5EB0EC2399614C006EF59D /* Debug */,
				2A5EB0EF2399614C006EF59D /* Release */,
			);
			path = "Config Files";
			sourceTree = "<group>";
		};
		2A5EB0EC2399614C006EF59D /* Debug */ = {
			isa = PBXGroup;
			children = (
				2A5EB0ED2399614C006EF59D /* Debug.xcconfig */,
				2A5EB0EE2399614C006EF59D /* Debug.plist */,
			);
			path = Debug;
			sourceTree = "<group>";
		};
		2A5EB0EF2399614C006EF59D /* Release */ = {
			isa = PBXGroup;
			children = (
			);
			path = Release;
			sourceTree = "<group>";
		};
		2A5EB0F223996187006EF59D /* Utiltlites */ = {
			isa = PBXGroup;
			children = (
				2A5EB0F3239961CA006EF59D /* PlistKey .swift */,
				2A5EB0F5239961ED006EF59D /* Environment.swift */,
			);
			path = Utiltlites;
			sourceTree = "<group>";
		};
		2A5EB0F7239979E6006EF59D /* Core */ = {
			isa = PBXGroup;
			children = (
				2AE9222B23A1C8AD004A4DBE /* UseCases */,
				2A5DE54B239E68C300F7ACF0 /* Repos */,
				2AFC76EB239B06A700B5C210 /* Utiltlites */,
				2A5EB0F8239979ED006EF59D /* Architecture */,
				2A693F32239DBDD300F442A9 /* Location services */,
				2ACED7A1239D2E18006B8312 /* CoreData */,
				2AFC76E3239ADF5300B5C210 /* API */,
			);
			path = Core;
			sourceTree = "<group>";
		};
		2A5EB0F8239979ED006EF59D /* Architecture */ = {
			isa = PBXGroup;
			children = (
				2A5DE53E239DD5B200F7ACF0 /* Repository */,
				2A693F2A239DBCF100F442A9 /* UseCase */,
				2AFC76EE239B06D600B5C210 /* DataBase Layer */,
				2A5EB0F923997CCB006EF59D /* Network Layer */,
			);
			path = Architecture;
			sourceTree = "<group>";
		};
		2A5EB0F923997CCB006EF59D /* Network Layer */ = {
			isa = PBXGroup;
			children = (
				2A5EB11D239AD2C5006EF59D /* Errors */,
				2A5EB117239AA27A006EF59D /* Network Manager */,
				2A5EB104239A9DD7006EF59D /* API Request */,
				2A5EB114239AA16E006EF59D /* API Request Provider */,
				2A5EB10D239AA0C7006EF59D /* Internet Manager */,
			);
			path = "Network Layer";
			sourceTree = "<group>";
		};
		2A5EB0FE23997D80006EF59D /* Reachability */ = {
			isa = PBXGroup;
			children = (
				2A5EB0FA23997D29006EF59D /* Reachability.swift */,
			);
			path = Reachability;
			sourceTree = "<group>";
		};
		2A5EB104239A9DD7006EF59D /* API Request */ = {
			isa = PBXGroup;
			children = (
				2A5EB105239A9DFC006EF59D /* APIRequestProtocol.swift */,
				2A5EB107239A9E32006EF59D /* BaseAPIRequest.swift */,
				2A5EB109239A9E76006EF59D /* APIAuthorization.swift */,
			);
			path = "API Request";
			sourceTree = "<group>";
		};
		2A5EB10D239AA0C7006EF59D /* Internet Manager */ = {
			isa = PBXGroup;
			children = (
				2AFC76E1239AD7F600B5C210 /* InternetManagerProtocol.swift */,
				2A5EB0FC23997D77006EF59D /* InternetManager.swift */,
				2A5EB0FE23997D80006EF59D /* Reachability */,
			);
			path = "Internet Manager";
			sourceTree = "<group>";
		};
		2A5EB110239AA122006EF59D /* Extension */ = {
			isa = PBXGroup;
			children = (
				2A5EB112239AA14E006EF59D /* String+Extension.swift */,
				2A5054C023A06C71005D1F5F /* LocationCoordinates+Extention.swift */,
				2AFC76E6239AEEC100B5C210 /* Date+Extension.swift */,
			);
			path = Extension;
			sourceTree = "<group>";
		};
		2A5EB114239AA16E006EF59D /* API Request Provider */ = {
			isa = PBXGroup;
			children = (
				2A5EB115239AA220006EF59D /* APIRequestProviderProtocols.swift */,
				2A5EB10B239AA0A2006EF59D /* APIRequestProvider.swift */,
			);
			path = "API Request Provider";
			sourceTree = "<group>";
		};
		2A5EB117239AA27A006EF59D /* Network Manager */ = {
			isa = PBXGroup;
			children = (
				2A5EB11A239AAE1A006EF59D /* NetworkManagerProtocol.swift */,
				2A5EB118239AA2AD006EF59D /* APIManager.swift */,
			);
			path = "Network Manager";
			sourceTree = "<group>";
		};
		2A5EB11D239AD2C5006EF59D /* Errors */ = {
			isa = PBXGroup;
			children = (
				2A5EB11E239AD303006EF59D /* APIManagerError.swift */,
				2AFC76DF239AD7C700B5C210 /* APIRequestProviderError.swift */,
				2A5EB120239AD31C006EF59D /* ErrorModel.swift */,
			);
			path = Errors;
			sourceTree = "<group>";
		};
		2A693EF0239DA32C00F442A9 /* Auto Generated */ = {
			isa = PBXGroup;
			children = (
				2AE9220823A1427F004A4DBE /* VenuePhotoEntity+CoreDataProperties.swift */,
				2AE9220A23A1427F004A4DBE /* VPLocation+CoreDataProperties.swift */,
				2AE9220C23A1427F004A4DBE /* VenueEntity+CoreDataProperties.swift */,
			);
			path = "Auto Generated";
			sourceTree = "<group>";
		};
		2A693F2A239DBCF100F442A9 /* UseCase */ = {
			isa = PBXGroup;
			children = (
				2A5DE53C239DCC0B00F7ACF0 /* BaseUseCase.swift */,
			);
			path = UseCase;
			sourceTree = "<group>";
		};
		2A693F32239DBDD300F442A9 /* Location services */ = {
			isa = PBXGroup;
			children = (
				2A693F35239DC24100F442A9 /* LocationManagerProtocol.swift */,
				2A693F3B239DC38200F442A9 /* Location Manager */,
			);
			path = "Location services";
			sourceTree = "<group>";
		};
		2A693F3B239DC38200F442A9 /* Location Manager */ = {
			isa = PBXGroup;
			children = (
				2A693F3C239DC42F00F442A9 /* LocationManager.swift */,
				2A693F3E239DC5E900F442A9 /* LocationManger + CLLocationManagerDelegate.swift */,
				2A693F39239DC35B00F442A9 /* LocationStatus.swift */,
			);
			path = "Location Manager";
			sourceTree = "<group>";
		};
		2A7FDEE12399408600E2D641 = {
			isa = PBXGroup;
			children = (
				2A7FDEEC2399408600E2D641 /* MSZNearBy */,
				2A7FDF062399420500E2D641 /* Devs Utilities */,
				2A7FDF102399487E00E2D641 /* Carthage */,
				2A7FDEEB2399408600E2D641 /* Products */,
			);
			sourceTree = "<group>";
		};
		2A7FDEEB2399408600E2D641 /* Products */ = {
			isa = PBXGroup;
			children = (
				2A7FDEEA2399408600E2D641 /* MSZNearBy.app */,
			);
			name = Products;
			sourceTree = "<group>";
		};
		2A7FDEEC2399408600E2D641 /* MSZNearBy */ = {
			isa = PBXGroup;
			children = (
				2A7FDF1923994C6000E2D641 /* AppDelegate+Delegates */,
				2A5EB0F7239979E6006EF59D /* Core */,
				2AFC76EA239B028500B5C210 /* Shell */,
				2A5EB0E423995F6E006EF59D /* Config Files */,
				2A5DE547239E673000F7ACF0 /* Resources */,
				2A7FDEF82399408800E2D641 /* LaunchScreen.storyboard */,
			);
			path = MSZNearBy;
			sourceTree = "<group>";
		};
		2A7FDF062399420500E2D641 /* Devs Utilities */ = {
			isa = PBXGroup;
			children = (
				2A7FDF1423994AB900E2D641 /* .swiftlint.yml */,
				2A7FDF1323994AB900E2D641 /* Cartfile */,
				2A7FDF1523994AB900E2D641 /* Cartfile.resolved */,
			);
			name = "Devs Utilities";
			path = MSZNearBy;
			sourceTree = "<group>";
		};
		2A7FDF102399487E00E2D641 /* Carthage */ = {
			isa = PBXGroup;
			children = (
				2A7FDF112399487E00E2D641 /* Build */,
			);
			path = Carthage;
			sourceTree = "<group>";
		};
		2A7FDF112399487E00E2D641 /* Build */ = {
			isa = PBXGroup;
			children = (
				2A7FDF122399487E00E2D641 /* iOS */,
			);
			path = Build;
			sourceTree = "<group>";
		};
		2A7FDF122399487E00E2D641 /* iOS */ = {
			isa = PBXGroup;
			children = (
				2A5EB0CF23995D98006EF59D /* CocoaDebug.framework */,
				2A5EB0D323995D98006EF59D /* FBLPromises.framework */,
				2A5EB0D023995D98006EF59D /* Kingfisher.framework */,
				2A5EB0D123995D98006EF59D /* KingfisherSwiftUI.framework */,
				2A5EB0D223995D98006EF59D /* Promises.framework */,
			);
			path = iOS;
			sourceTree = "<group>";
		};
		2A7FDF1923994C6000E2D641 /* AppDelegate+Delegates */ = {
			isa = PBXGroup;
			children = (
				2A7FDEED2399408600E2D641 /* AppDelegate.swift */,
				2A5EB0CD23995D4B006EF59D /* AppConfigurator.swift */,
			);
			path = "AppDelegate+Delegates";
			sourceTree = "<group>";
		};
		2ACED787239D22CD006B8312 /* Explore API */ = {
			isa = PBXGroup;
			children = (
				2ACED78B239D25C0006B8312 /* APIExploreResponseModel.swift */,
				2ACED78A239D25BF006B8312 /* APIGroupModel.swift */,
				2ACED789239D25BF006B8312 /* APIItemModel.swift */,
				2ACED78C239D25C0006B8312 /* APILocationModel.swift */,
				2ACED788239D25BF006B8312 /* APIVenueModel.swift */,
			);
			path = "Explore API";
			sourceTree = "<group>";
		};
		2ACED792239D27F8006B8312 /* Photo API */ = {
			isa = PBXGroup;
			children = (
				2ACED79D239D2A8D006B8312 /* APIPhotoItemModel.swift */,
				2ACED79C239D2A8D006B8312 /* APIPhotosModel.swift */,
				2ACED79B239D2A8D006B8312 /* APIVenuePhotosResponseModel.swift */,
			);
			path = "Photo API";
			sourceTree = "<group>";
		};
		2ACED7A1239D2E18006B8312 /* CoreData */ = {
			isa = PBXGroup;
			children = (
				2A85D9EB239D38EC0040DCC6 /* NearBYModel.xcdatamodeld */,
				2A693EF0239DA32C00F442A9 /* Auto Generated */,
				2A693EF3239DA32C00F442A9 /* VenueEntity+CoreDataClass.swift */,
				2A5DE5A523A035D100F7ACF0 /* VPLocation+CoreDataClass.swift */,
				2A693EF4239DA32C00F442A9 /* VenuePhotoEntity+CoreDataClass.swift */,
			);
			path = CoreData;
			sourceTree = "<group>";
		};
		2AE9221C23A17BF2004A4DBE /* All Venues  */ = {
			isa = PBXGroup;
			children = (
				2AE9222123A17CB4004A4DBE /* Reusable Views */,
				2AE9221D23A17C20004A4DBE /* VenuesVC.swift */,
				2AE9221E23A17C20004A4DBE /* VenuesVC.xib */,
			);
			path = "All Venues ";
			sourceTree = "<group>";
		};
		2AE9222123A17CB4004A4DBE /* Reusable Views */ = {
			isa = PBXGroup;
			children = (
				2AE9222223A17D22004A4DBE /* VenueCell.swift */,
				2AE9222E23A1E447004A4DBE /* VenueCellPresenterProtocol.swift */,
				2AE9222323A17D22004A4DBE /* VenueCell.xib */,
			);
			path = "Reusable Views";
			sourceTree = "<group>";
		};
		2AE9222B23A1C8AD004A4DBE /* UseCases */ = {
			isa = PBXGroup;
			children = (
				2AE9222C23A1C8D3004A4DBE /* GetVenuePhotosUseCase.swift */,
			);
			path = UseCases;
			sourceTree = "<group>";
		};
		2AFC76E3239ADF5300B5C210 /* API */ = {
			isa = PBXGroup;
			children = (
				2AFC76F8239CF9F500B5C210 /* API Models */,
				2AFC76F7239CF9DA00B5C210 /* API Requests */,
			);
			path = API;
			sourceTree = "<group>";
		};
		2AFC76EA239B028500B5C210 /* Shell */ = {
			isa = PBXGroup;
			children = (
				2A5EB110239AA122006EF59D /* Extension */,
				2AFC76EF239B073000B5C210 /* Scenes */,
			);
			path = Shell;
			sourceTree = "<group>";
		};
		2AFC76EB239B06A700B5C210 /* Utiltlites */ = {
			isa = PBXGroup;
			children = (
				2AFC76EC239B06B000B5C210 /* Singletons.swift */,
				2A5054BE23A06AF2005D1F5F /* Constants.swift */,
			);
			path = Utiltlites;
			sourceTree = "<group>";
		};
		2AFC76EE239B06D600B5C210 /* DataBase Layer */ = {
			isa = PBXGroup;
			children = (
				2A5DE57D239ECB0C00F7ACF0 /* DataBaseManagerProtocol.swift */,
				2AFC76F2239BEBD600B5C210 /* CoreDataManager.swift */,
			);
			path = "DataBase Layer";
			sourceTree = "<group>";
		};
		2AFC76EF239B073000B5C210 /* Scenes */ = {
			isa = PBXGroup;
			children = (
				2AE9221C23A17BF2004A4DBE /* All Venues  */,
			);
			path = Scenes;
			sourceTree = "<group>";
		};
		2AFC76F7239CF9DA00B5C210 /* API Requests */ = {
			isa = PBXGroup;
			children = (
				2AFC76E4239ADF6700B5C210 /* ExploreVenuesAPIRequest.swift */,
				2AFC76E8239AFC1D00B5C210 /* VenuePhotosAPIRequest.swift */,
			);
			path = "API Requests";
			sourceTree = "<group>";
		};
		2AFC76F8239CF9F500B5C210 /* API Models */ = {
			isa = PBXGroup;
			children = (
				2ACED792239D27F8006B8312 /* Photo API */,
				2ACED787239D22CD006B8312 /* Explore API */,
			);
			path = "API Models";
			sourceTree = "<group>";
		};
/* End PBXGroup section */

/* Begin PBXNativeTarget section */
		2A7FDEE92399408600E2D641 /* MSZNearBy */ = {
			isa = PBXNativeTarget;
			buildConfigurationList = 2A7FDEFE2399408800E2D641 /* Build configuration list for PBXNativeTarget "MSZNearBy" */;
			buildPhases = (
				2A7FDEE62399408600E2D641 /* Sources */,
				2A7FDEE72399408600E2D641 /* Frameworks */,
				2A7FDEE82399408600E2D641 /* Resources */,
				2A7FDF01239940A100E2D641 /* SwiftLint */,
				2A5EB0DB23995F11006EF59D /* Embed Frameworks */,
			);
			buildRules = (
			);
			dependencies = (
			);
			name = MSZNearBy;
			productName = MSZNearBy;
			productReference = 2A7FDEEA2399408600E2D641 /* MSZNearBy.app */;
			productType = "com.apple.product-type.application";
		};
/* End PBXNativeTarget section */

/* Begin PBXProject section */
		2A7FDEE22399408600E2D641 /* Project object */ = {
			isa = PBXProject;
			attributes = {
				LastSwiftUpdateCheck = 1100;
				LastUpgradeCheck = 1100;
				ORGANIZATIONNAME = MSZ;
				TargetAttributes = {
					2A7FDEE92399408600E2D641 = {
						CreatedOnToolsVersion = 11.0;
					};
				};
			};
			buildConfigurationList = 2A7FDEE52399408600E2D641 /* Build configuration list for PBXProject "MSZNearBy" */;
			compatibilityVersion = "Xcode 9.3";
			developmentRegion = en;
			hasScannedForEncodings = 0;
			knownRegions = (
				en,
				Base,
			);
			mainGroup = 2A7FDEE12399408600E2D641;
			productRefGroup = 2A7FDEEB2399408600E2D641 /* Products */;
			projectDirPath = "";
			projectRoot = "";
			targets = (
				2A7FDEE92399408600E2D641 /* MSZNearBy */,
			);
		};
/* End PBXProject section */

/* Begin PBXResourcesBuildPhase section */
		2A7FDEE82399408600E2D641 /* Resources */ = {
			isa = PBXResourcesBuildPhase;
			buildActionMask = 2147483647;
			files = (
				2A7FDF1723994AB900E2D641 /* .swiftlint.yml in Resources */,
				2A7FDF1823994AB900E2D641 /* Cartfile.resolved in Resources */,
				2A5EB0F02399614C006EF59D /* Debug.xcconfig in Resources */,
				2A7FDEFA2399408800E2D641 /* LaunchScreen.storyboard in Resources */,
				2AE9222523A17D22004A4DBE /* VenueCell.xib in Resources */,
				2AE9222023A17C20004A4DBE /* VenuesVC.xib in Resources */,
				2A5DE54A239E674F00F7ACF0 /* Localizable.strings in Resources */,
				2A7FDEF72399408800E2D641 /* Assets.xcassets in Resources */,
				2A7FDF1623994AB900E2D641 /* Cartfile in Resources */,
			);
			runOnlyForDeploymentPostprocessing = 0;
		};
/* End PBXResourcesBuildPhase section */

/* Begin PBXShellScriptBuildPhase section */
		2A7FDF01239940A100E2D641 /* SwiftLint */ = {
			isa = PBXShellScriptBuildPhase;
			buildActionMask = 2147483647;
			files = (
			);
			inputFileListPaths = (
			);
			inputPaths = (
			);
			name = SwiftLint;
			outputFileListPaths = (
			);
			outputPaths = (
			);
			runOnlyForDeploymentPostprocessing = 0;
			shellPath = /bin/sh;
			shellScript = "if which swiftlint >/dev/null; then\n  swiftlint\nelse\n  echo \"warning: SwiftLint not installed, download from https://github.com/realm/SwiftLint\"\nfi\n";
		};
/* End PBXShellScriptBuildPhase section */

/* Begin PBXSourcesBuildPhase section */
		2A7FDEE62399408600E2D641 /* Sources */ = {
			isa = PBXSourcesBuildPhase;
			buildActionMask = 2147483647;
			files = (
				2ACED79F239D2A8D006B8312 /* APIPhotosModel.swift in Sources */,
				2A5EB103239A938D006EF59D /* Reachability.swift in Sources */,
				2A693EF7239DA32C00F442A9 /* VenueEntity+CoreDataClass.swift in Sources */,
				2A5054C123A06C71005D1F5F /* LocationCoordinates+Extention.swift in Sources */,
				2A85D9ED239D38EC0040DCC6 /* NearBYModel.xcdatamodeld in Sources */,
				2ACED791239D25C0006B8312 /* APILocationModel.swift in Sources */,
				2ACED7A0239D2A8D006B8312 /* APIPhotoItemModel.swift in Sources */,
				2AE9221F23A17C20004A4DBE /* VenuesVC.swift in Sources */,
				2AFC76E0239AD7C700B5C210 /* APIRequestProviderError.swift in Sources */,
				2A5EB0FD23997D77006EF59D /* InternetManager.swift in Sources */,
				2AFC76E5239ADF6700B5C210 /* ExploreVenuesAPIRequest.swift in Sources */,
				2AE9222D23A1C8D3004A4DBE /* GetVenuePhotosUseCase.swift in Sources */,
				2AE9221723A15C0F004A4DBE /* VenuesPhotoRepository.swift in Sources */,
				2AE9221023A1427F004A4DBE /* VPLocation+CoreDataProperties.swift in Sources */,
				2A693EF8239DA32C00F442A9 /* VenuePhotoEntity+CoreDataClass.swift in Sources */,
				2ACED78E239D25C0006B8312 /* APIItemModel.swift in Sources */,
				2A5EB11B239AAE1A006EF59D /* NetworkManagerProtocol.swift in Sources */,
				2AFC76E7239AEEC100B5C210 /* Date+Extension.swift in Sources */,
				2A5DE56F239E8C8900F7ACF0 /* VenuePhotosDataSource.swift in Sources */,
				2AFC76F3239BEBD600B5C210 /* CoreDataManager.swift in Sources */,
				2A693F3D239DC42F00F442A9 /* LocationManager.swift in Sources */,
				2A5DE580239ED4CD00F7ACF0 /* LocalVenuePhotosDataSource.swift in Sources */,
				2ACED790239D25C0006B8312 /* APIExploreResponseModel.swift in Sources */,
				2A5EB0F4239961CA006EF59D /* PlistKey .swift in Sources */,
				2AE9221223A1427F004A4DBE /* VenueEntity+CoreDataProperties.swift in Sources */,
				2A693F3A239DC35B00F442A9 /* LocationStatus.swift in Sources */,
				2ACED78F239D25C0006B8312 /* APIGroupModel.swift in Sources */,
				2ACED79E239D2A8D006B8312 /* APIVenuePhotosResponseModel.swift in Sources */,
				2A693F3F239DC5E900F442A9 /* LocationManger + CLLocationManagerDelegate.swift in Sources */,
				2A5EB106239A9DFC006EF59D /* APIRequestProtocol.swift in Sources */,
				2A5EB113239AA14E006EF59D /* String+Extension.swift in Sources */,
				2A5DE56C239E8C1D00F7ACF0 /* RemoteVenuesDataSource.swift in Sources */,
				2AE9222423A17D22004A4DBE /* VenueCell.swift in Sources */,
				2A5EB121239AD31C006EF59D /* ErrorModel.swift in Sources */,
				2AFC76E2239AD7F600B5C210 /* InternetManagerProtocol.swift in Sources */,
				2AE9220623A11559004A4DBE /* RepositoriesManger.swift in Sources */,
				2A5EB11F239AD303006EF59D /* APIManagerError.swift in Sources */,
				2A5EB108239A9E32006EF59D /* BaseAPIRequest.swift in Sources */,
				2A5DE57E239ECB0C00F7ACF0 /* DataBaseManagerProtocol.swift in Sources */,
				2A5EB10A239A9E76006EF59D /* APIAuthorization.swift in Sources */,
				2A5DE55A239E6A6D00F7ACF0 /* VenuesDataSource.swift in Sources */,
				2A5EB10C239AA0A2006EF59D /* APIRequestProvider.swift in Sources */,
				2AE9220E23A1427F004A4DBE /* VenuePhotoEntity+CoreDataProperties.swift in Sources */,
				2A5EB0F6239961ED006EF59D /* Environment.swift in Sources */,
				2A693F36239DC24100F442A9 /* LocationManagerProtocol.swift in Sources */,
				2A5EB116239AA220006EF59D /* APIRequestProviderProtocols.swift in Sources */,
				2A5DE571239E8EB800F7ACF0 /* RemoteVenuePhotosDataSource.swift in Sources */,
				2A5DE5A723A035D100F7ACF0 /* VPLocation+CoreDataClass.swift in Sources */,
				2AFC76ED239B06B000B5C210 /* Singletons.swift in Sources */,
				2A5EB119239AA2AD006EF59D /* APIManager.swift in Sources */,
				2A5DE584239EF90600F7ACF0 /* VenuesRepository.swift in Sources */,
				2A5DE540239DD81E00F7ACF0 /* RepositoryProtocol.swift in Sources */,
				2AE9222F23A1E447004A4DBE /* VenueCellPresenterProtocol.swift in Sources */,
				2AFC76E9239AFC1D00B5C210 /* VenuePhotosAPIRequest.swift in Sources */,
				2A5DE53D239DCC0B00F7ACF0 /* BaseUseCase.swift in Sources */,
				2A5EB0CE23995D4B006EF59D /* AppConfigurator.swift in Sources */,
				2ACED78D239D25C0006B8312 /* APIVenueModel.swift in Sources */,
				2A5054BF23A06AF2005D1F5F /* Constants.swift in Sources */,
				2A5DE574239E94CD00F7ACF0 /* LocalVenuesDataSource.swift in Sources */,
				2A7FDEEE2399408600E2D641 /* AppDelegate.swift in Sources */,
			);
			runOnlyForDeploymentPostprocessing = 0;
		};
/* End PBXSourcesBuildPhase section */

/* Begin PBXVariantGroup section */
		2A7FDEF82399408800E2D641 /* LaunchScreen.storyboard */ = {
			isa = PBXVariantGroup;
			children = (
				2A7FDEF92399408800E2D641 /* Base */,
			);
			name = LaunchScreen.storyboard;
			sourceTree = "<group>";
		};
/* End PBXVariantGroup section */

/* Begin XCBuildConfiguration section */
		2A7FDEFC2399408800E2D641 /* Debug */ = {
			isa = XCBuildConfiguration;
			baseConfigurationReference = 2A5EB0ED2399614C006EF59D /* Debug.xcconfig */;
			buildSettings = {
				ALWAYS_SEARCH_USER_PATHS = NO;
				CLANG_ANALYZER_NONNULL = YES;
				CLANG_ANALYZER_NUMBER_OBJECT_CONVERSION = YES_AGGRESSIVE;
				CLANG_CXX_LANGUAGE_STANDARD = "gnu++14";
				CLANG_CXX_LIBRARY = "libc++";
				CLANG_ENABLE_MODULES = YES;
				CLANG_ENABLE_OBJC_ARC = YES;
				CLANG_ENABLE_OBJC_WEAK = YES;
				CLANG_WARN_BLOCK_CAPTURE_AUTORELEASING = YES;
				CLANG_WARN_BOOL_CONVERSION = YES;
				CLANG_WARN_COMMA = YES;
				CLANG_WARN_CONSTANT_CONVERSION = YES;
				CLANG_WARN_DEPRECATED_OBJC_IMPLEMENTATIONS = YES;
				CLANG_WARN_DIRECT_OBJC_ISA_USAGE = YES_ERROR;
				CLANG_WARN_DOCUMENTATION_COMMENTS = YES;
				CLANG_WARN_EMPTY_BODY = YES;
				CLANG_WARN_ENUM_CONVERSION = YES;
				CLANG_WARN_INFINITE_RECURSION = YES;
				CLANG_WARN_INT_CONVERSION = YES;
				CLANG_WARN_NON_LITERAL_NULL_CONVERSION = YES;
				CLANG_WARN_OBJC_IMPLICIT_RETAIN_SELF = YES;
				CLANG_WARN_OBJC_LITERAL_CONVERSION = YES;
				CLANG_WARN_OBJC_ROOT_CLASS = YES_ERROR;
				CLANG_WARN_RANGE_LOOP_ANALYSIS = YES;
				CLANG_WARN_STRICT_PROTOTYPES = YES;
				CLANG_WARN_SUSPICIOUS_MOVE = YES;
				CLANG_WARN_UNGUARDED_AVAILABILITY = YES_AGGRESSIVE;
				CLANG_WARN_UNREACHABLE_CODE = YES;
				CLANG_WARN__DUPLICATE_METHOD_MATCH = YES;
				COPY_PHASE_STRIP = NO;
				DEBUG_INFORMATION_FORMAT = dwarf;
				ENABLE_STRICT_OBJC_MSGSEND = YES;
				ENABLE_TESTABILITY = YES;
				GCC_C_LANGUAGE_STANDARD = gnu11;
				GCC_DYNAMIC_NO_PIC = NO;
				GCC_NO_COMMON_BLOCKS = YES;
				GCC_OPTIMIZATION_LEVEL = 0;
				GCC_PREPROCESSOR_DEFINITIONS = (
					"DEBUG=1",
					"$(inherited)",
				);
				GCC_WARN_64_TO_32_BIT_CONVERSION = YES;
				GCC_WARN_ABOUT_RETURN_TYPE = YES_ERROR;
				GCC_WARN_UNDECLARED_SELECTOR = YES;
				GCC_WARN_UNINITIALIZED_AUTOS = YES_AGGRESSIVE;
				GCC_WARN_UNUSED_FUNCTION = YES;
				GCC_WARN_UNUSED_VARIABLE = YES;
				INFOPLIST_FILE = "";
				IPHONEOS_DEPLOYMENT_TARGET = 10.0;
				MTL_ENABLE_DEBUG_INFO = INCLUDE_SOURCE;
				MTL_FAST_MATH = YES;
				ONLY_ACTIVE_ARCH = YES;
				SDKROOT = iphoneos;
				SWIFT_ACTIVE_COMPILATION_CONDITIONS = DEBUG;
				SWIFT_OPTIMIZATION_LEVEL = "-Onone";
			};
			name = Debug;
		};
		2A7FDEFF2399408800E2D641 /* Debug */ = {
			isa = XCBuildConfiguration;
			baseConfigurationReference = 2A5EB0ED2399614C006EF59D /* Debug.xcconfig */;
			buildSettings = {
				ASSETCATALOG_COMPILER_APPICON_NAME = AppIcon;
				CODE_SIGN_STYLE = Automatic;
				FRAMEWORK_SEARCH_PATHS = (
					"$(inherited)",
					"$(PROJECT_DIR)/Carthage/Build/iOS",
				);
				INFOPLIST_FILE = "MSZNearBy/Config Files/Debug/Debug.plist";
				IPHONEOS_DEPLOYMENT_TARGET = 10.0;
				LD_RUNPATH_SEARCH_PATHS = (
					"$(inherited)",
					"@executable_path/Frameworks",
				);
				PRODUCT_BUNDLE_IDENTIFIER = MSZ.MSZNearBy;
				PRODUCT_NAME = "$(TARGET_NAME)";
				SWIFT_VERSION = 5.0;
				TARGETED_DEVICE_FAMILY = "1,2";
			};
			name = Debug;
		};
/* End XCBuildConfiguration section */

/* Begin XCConfigurationList section */
		2A7FDEE52399408600E2D641 /* Build configuration list for PBXProject "MSZNearBy" */ = {
			isa = XCConfigurationList;
			buildConfigurations = (
				2A7FDEFC2399408800E2D641 /* Debug */,
			);
			defaultConfigurationIsVisible = 0;
			defaultConfigurationName = Debug;
		};
		2A7FDEFE2399408800E2D641 /* Build configuration list for PBXNativeTarget "MSZNearBy" */ = {
			isa = XCConfigurationList;
			buildConfigurations = (
				2A7FDEFF2399408800E2D641 /* Debug */,
			);
			defaultConfigurationIsVisible = 0;
			defaultConfigurationName = Debug;
		};
/* End XCConfigurationList section */

/* Begin XCVersionGroup section */
		2A85D9EB239D38EC0040DCC6 /* NearBYModel.xcdatamodeld */ = {
			isa = XCVersionGroup;
			children = (
				2A85D9EC239D38EC0040DCC6 /* NearBYModel.xcdatamodel */,
			);
			currentVersion = 2A85D9EC239D38EC0040DCC6 /* NearBYModel.xcdatamodel */;
			path = NearBYModel.xcdatamodeld;
			sourceTree = "<group>";
			versionGroupType = wrapper.xcdatamodel;
		};
/* End XCVersionGroup section */
	};
	rootObject = 2A7FDEE22399408600E2D641 /* Project object */;
}
